Microsoft Visual Studio Solution File, Format Version 11.00
# Visual Studio 2008

Project("{E207EF53-8862-9883-59AE-BCEC5D78501C}") = "EkaUnityProjekti", "Assembly-CSharp-vs.csproj", "{8866C101-BB3A-A888-67FB-6284A1F1B888}"
EndProject
Global
	GlobalSection(SolutionConfigurationPlatforms) = preSolution
		Debug|Any CPU = Debug|Any CPU
		Release|Any CPU = Release|Any CPU
	EndGlobalSection
	GlobalSection(ProjectConfigurationPlatforms) = postSolution
		{8866C101-BB3A-A888-67FB-6284A1F1B888}.Debug|Any CPU.ActiveCfg = Debug|Any CPU
		{8866C101-BB3A-A888-67FB-6284A1F1B888}.Debug|Any CPU.Build.0 = Debug|Any CPU
		{8866C101-BB3A-A888-67FB-6284A1F1B888}.Release|Any CPU.ActiveCfg = Release|Any CPU
		{8866C101-BB3A-A888-67FB-6284A1F1B888}.Release|Any CPU.Build.0 = Release|Any CPU
	EndGlobalSection
	GlobalSection(SolutionProperties) = preSolution
		HideSolutionNode = FALSE
	EndGlobalSection
					GlobalSection(MonoDevelopProperties) = preSolution
		StartupItem = Assembly-CSharp.csproj
		Policies = $0
		$0.TextStylePolicy = $1
		$1.inheritsSet = null
		$1.scope = text/x-csharp
		$0.CSharpFormattingPolicy = $2
		$2.inheritsSet = Mono
		$2.inheritsScope = text/x-csharp
		$2.scope = text/x-csharp
		$0.TextStylePolicy = $3
		$3.FileWidth = 120
		$3.TabWidth = 4
		$3.EolMarker = Unix
		$3.inheritsSet = Mono
		$3.inheritsScope = text/plain
		$3.scope = text/plain
	EndGlobalSection

EndGlobal
