Microsoft Visual Studio Solution File, Format Version 11.00
# Visual Studio 2008

Project("{6B0BD07A-D0FA-DF29-95DD-54CD15BC4C7A}") = "KinectToUnity", "Assembly-CSharp-firstpass-vs.csproj", "{DE70D3C4-3512-94EB-1615-82688DFA952D}"
EndProject
Project("{6B0BD07A-D0FA-DF29-95DD-54CD15BC4C7A}") = "KinectToUnity", "Assembly-CSharp-vs.csproj", "{D7113477-18C4-77D1-467A-4DFDF0C0DD10}"
EndProject
Project("{6B0BD07A-D0FA-DF29-95DD-54CD15BC4C7A}") = "KinectToUnity", "Assembly-CSharp-Editor-vs.csproj", "{79828D54-A59E-5A63-3C98-D9FC129923A0}"
EndProject
Global
	GlobalSection(SolutionConfigurationPlatforms) = preSolution
		Debug|Any CPU = Debug|Any CPU
		Release|Any CPU = Release|Any CPU
	EndGlobalSection
	GlobalSection(ProjectConfigurationPlatforms) = postSolution
		{DE70D3C4-3512-94EB-1615-82688DFA952D}.Debug|Any CPU.ActiveCfg = Debug|Any CPU
		{DE70D3C4-3512-94EB-1615-82688DFA952D}.Debug|Any CPU.Build.0 = Debug|Any CPU
		{DE70D3C4-3512-94EB-1615-82688DFA952D}.Release|Any CPU.ActiveCfg = Release|Any CPU
		{DE70D3C4-3512-94EB-1615-82688DFA952D}.Release|Any CPU.Build.0 = Release|Any CPU
		{D7113477-18C4-77D1-467A-4DFDF0C0DD10}.Debug|Any CPU.ActiveCfg = Debug|Any CPU
		{D7113477-18C4-77D1-467A-4DFDF0C0DD10}.Debug|Any CPU.Build.0 = Debug|Any CPU
		{D7113477-18C4-77D1-467A-4DFDF0C0DD10}.Release|Any CPU.ActiveCfg = Release|Any CPU
		{D7113477-18C4-77D1-467A-4DFDF0C0DD10}.Release|Any CPU.Build.0 = Release|Any CPU
		{79828D54-A59E-5A63-3C98-D9FC129923A0}.Debug|Any CPU.ActiveCfg = Debug|Any CPU
		{79828D54-A59E-5A63-3C98-D9FC129923A0}.Debug|Any CPU.Build.0 = Debug|Any CPU
		{79828D54-A59E-5A63-3C98-D9FC129923A0}.Release|Any CPU.ActiveCfg = Release|Any CPU
		{79828D54-A59E-5A63-3C98-D9FC129923A0}.Release|Any CPU.Build.0 = Release|Any CPU
	EndGlobalSection
	GlobalSection(SolutionProperties) = preSolution
		HideSolutionNode = FALSE
	EndGlobalSection
		GlobalSection(MonoDevelopProperties) = preSolution
		StartupItem = Assembly-CSharp.csproj
		Policies = $0
		$0.TextStylePolicy = $1
		$1.inheritsSet = null
		$1.scope = text/x-csharp
		$0.CSharpFormattingPolicy = $2
		$2.inheritsSet = Mono
		$2.inheritsScope = text/x-csharp
		$2.scope = text/x-csharp
		$0.TextStylePolicy = $3
		$3.FileWidth = 120
		$3.TabWidth = 4
		$3.EolMarker = Unix
		$3.inheritsSet = Mono
		$3.inheritsScope = text/plain
		$3.scope = text/plain
	EndGlobalSection

EndGlobal
